// !$*UTF8*$!
{
	archiveVersion = 1;
	classes = {
	};
	objectVersion = 77;
	objects = {

/* Begin PBXBuildFile section */
		9350C7BC2DA211A3000D9398 /* GoogleGenerativeAI in Frameworks */ = {isa = PBXBuildFile; productRef = 9350C7BB2DA211A3000D9398 /* GoogleGenerativeAI */; };
/* End PBXBuildFile section */

/* Begin PBXContainerItemProxy section */
		9350C7872DA1E7CE000D9398 /* PBXContainerItemProxy */ = {
			isa = PBXContainerItemProxy;
			containerPortal = 9350C7682DA1E7CC000D9398 /* Project object */;
			proxyType = 1;
			remoteGlobalIDString = 9350C76F2DA1E7CC000D9398;
			remoteInfo = BFresh;
		};
		9350C7912DA1E7CE000D9398 /* PBXContainerItemProxy */ = {
			isa = PBXContainerItemProxy;
			containerPortal = 9350C7682DA1E7CC000D9398 /* Project object */;
			proxyType = 1;
			remoteGlobalIDString = 9350C76F2DA1E7CC000D9398;
			remoteInfo = BFresh;
		};
/* End PBXContainerItemProxy section */

/* Begin PBXFileReference section */
		9350C7702DA1E7CC000D9398 /* BFresh.app */ = {isa = PBXFileReference; explicitFileType = wrapper.application; includeInIndex = 0; path = BFresh.app; sourceTree = BUILT_PRODUCTS_DIR; };
		9350C7862DA1E7CE000D9398 /* BFreshTests.xctest */ = {isa = PBXFileReference; explicitFileType = wrapper.cfbundle; includeInIndex = 0; path = BFreshTests.xctest; sourceTree = BUILT_PRODUCTS_DIR; };
		9350C7902DA1E7CE000D9398 /* BFreshUITests.xctest */ = {isa = PBXFileReference; explicitFileType = wrapper.cfbundle; includeInIndex = 0; path = BFreshUITests.xctest; sourceTree = BUILT_PRODUCTS_DIR; };
/* End PBXFileReference section */

/* Begin PBXFileSystemSynchronizedBuildFileExceptionSet section */
		9350C7982DA1E7CE000D9398 /* Exceptions for "BFresh" folder in "BFresh" target */ = {
			isa = PBXFileSystemSynchronizedBuildFileExceptionSet;
			membershipExceptions = (
				Info.plist,
			);
			target = 9350C76F2DA1E7CC000D9398 /* BFresh */;
		};
/* End PBXFileSystemSynchronizedBuildFileExceptionSet section */

/* Begin PBXFileSystemSynchronizedRootGroup section */
		9350C7722DA1E7CC000D9398 /* BFresh */ = {
			isa = PBXFileSystemSynchronizedRootGroup;
			exceptions = (
				9350C7982DA1E7CE000D9398 /* Exceptions for "BFresh" folder in "BFresh" target */,
			);
			path = BFresh;
			sourceTree = "<group>";
		};
		9350C7892DA1E7CE000D9398 /* BFreshTests */ = {
			isa = PBXFileSystemSynchronizedRootGroup;
			path = BFreshTests;
			sourceTree = "<group>";
		};
		9350C7932DA1E7CE000D9398 /* BFreshUITests */ = {
			isa = PBXFileSystemSynchronizedRootGroup;
			path = BFreshUITests;
			sourceTree = "<group>";
		};
/* End PBXFileSystemSynchronizedRootGroup section */

/* Begin PBXFrameworksBuildPhase section */
		9350C76D2DA1E7CC000D9398 /* Frameworks */ = {
			isa = PBXFrameworksBuildPhase;
			buildActionMask = 2147483647;
			files = (
				9350C7BC2DA211A3000D9398 /* GoogleGenerativeAI in Frameworks */,
			);
			runOnlyForDeploymentPostprocessing = 0;
		};
		9350C7832DA1E7CE000D9398 /* Frameworks */ = {
			isa = PBXFrameworksBuildPhase;
			buildActionMask = 2147483647;
			files = (
			);
			runOnlyForDeploymentPostprocessing = 0;
		};
		9350C78D2DA1E7CE000D9398 /* Frameworks */ = {
			isa = PBXFrameworksBuildPhase;
			buildActionMask = 2147483647;
			files = (
			);
			runOnlyForDeploymentPostprocessing = 0;
		};
/* End PBXFrameworksBuildPhase section */

/* Begin PBXGroup section */
		9350C7672DA1E7CC000D9398 = {
			isa = PBXGroup;
			children = (
				9350C7722DA1E7CC000D9398 /* BFresh */,
				9350C7892DA1E7CE000D9398 /* BFreshTests */,
				9350C7932DA1E7CE000D9398 /* BFreshUITests */,
				9350C7712DA1E7CC000D9398 /* Products */,
			);
			sourceTree = "<group>";
		};
		9350C7712DA1E7CC000D9398 /* Products */ = {
			isa = PBXGroup;
			children = (
				9350C7702DA1E7CC000D9398 /* BFresh.app */,
				9350C7862DA1E7CE000D9398 /* BFreshTests.xctest */,
				9350C7902DA1E7CE000D9398 /* BFreshUITests.xctest */,
			);
			name = Products;
			sourceTree = "<group>";
		};
/* End PBXGroup section */

/* Begin PBXNativeTarget section */
		9350C76F2DA1E7CC000D9398 /* BFresh */ = {
			isa = PBXNativeTarget;
			buildConfigurationList = 9350C7992DA1E7CE000D9398 /* Build configuration list for PBXNativeTarget "BFresh" */;
			buildPhases = (
				9350C76C2DA1E7CC000D9398 /* Sources */,
				9350C76D2DA1E7CC000D9398 /* Frameworks */,
				9350C76E2DA1E7CC000D9398 /* Resources */,
			);
			buildRules = (
			);
			dependencies = (
			);
			fileSystemSynchronizedGroups = (
				9350C7722DA1E7CC000D9398 /* BFresh */,
			);
			name = BFresh;
			packageProductDependencies = (
				9350C7BB2DA211A3000D9398 /* GoogleGenerativeAI */,
			);
			productName = BFresh;
			productReference = 9350C7702DA1E7CC000D9398 /* BFresh.app */;
			productType = "com.apple.product-type.application";
		};
		9350C7852DA1E7CE000D9398 /* BFreshTests */ = {
			isa = PBXNativeTarget;
			buildConfigurationList = 9350C79E2DA1E7CE000D9398 /* Build configuration list for PBXNativeTarget "BFreshTests" */;
			buildPhases = (
				9350C7822DA1E7CE000D9398 /* Sources */,
				9350C7832DA1E7CE000D9398 /* Frameworks */,
				9350C7842DA1E7CE000D9398 /* Resources */,
			);
			buildRules = (
			);
			dependencies = (
				9350C7882DA1E7CE000D9398 /* PBXTargetDependency */,
			);
			fileSystemSynchronizedGroups = (
				9350C7892DA1E7CE000D9398 /* BFreshTests */,
			);
			name = BFreshTests;
			packageProductDependencies = (
			);
			productName = BFreshTests;
			productReference = 9350C7862DA1E7CE000D9398 /* BFreshTests.xctest */;
			productType = "com.apple.product-type.bundle.unit-test";
		};
		9350C78F2DA1E7CE000D9398 /* BFreshUITests */ = {
			isa = PBXNativeTarget;
			buildConfigurationList = 9350C7A12DA1E7CE000D9398 /* Build configuration list for PBXNativeTarget "BFreshUITests" */;
			buildPhases = (
				9350C78C2DA1E7CE000D9398 /* Sources */,
				9350C78D2DA1E7CE000D9398 /* Frameworks */,
				9350C78E2DA1E7CE000D9398 /* Resources */,
			);
			buildRules = (
			);
			dependencies = (
				9350C7922DA1E7CE000D9398 /* PBXTargetDependency */,
			);
			fileSystemSynchronizedGroups = (
				9350C7932DA1E7CE000D9398 /* BFreshUITests */,
			);
			name = BFreshUITests;
			packageProductDependencies = (
			);
			productName = BFreshUITests;
			productReference = 9350C7902DA1E7CE000D9398 /* BFreshUITests.xctest */;
			productType = "com.apple.product-type.bundle.ui-testing";
		};
/* End PBXNativeTarget section */

/* Begin PBXProject section */
		9350C7682DA1E7CC000D9398 /* Project object */ = {
			isa = PBXProject;
			attributes = {
				BuildIndependentTargetsInParallel = 1;
				LastSwiftUpdateCheck = 1620;
				LastUpgradeCheck = 1620;
				TargetAttributes = {
					9350C76F2DA1E7CC000D9398 = {
						CreatedOnToolsVersion = 16.2;
					};
					9350C7852DA1E7CE000D9398 = {
						CreatedOnToolsVersion = 16.2;
						TestTargetID = 9350C76F2DA1E7CC000D9398;
					};
					9350C78F2DA1E7CE000D9398 = {
						CreatedOnToolsVersion = 16.2;
						TestTargetID = 9350C76F2DA1E7CC000D9398;
					};
				};
			};
			buildConfigurationList = 9350C76B2DA1E7CC000D9398 /* Build configuration list for PBXProject "BFresh" */;
			developmentRegion = en;
			hasScannedForEncodings = 0;
			knownRegions = (
				en,
				Base,
			);
			mainGroup = 9350C7672DA1E7CC000D9398;
			minimizedProjectReferenceProxies = 1;
			packageReferences = (
				9350C7BA2DA21185000D9398 /* XCRemoteSwiftPackageReference "generative-ai-swift" */,
			);
			preferredProjectObjectVersion = 77;
			productRefGroup = 9350C7712DA1E7CC000D9398 /* Products */;
			projectDirPath = "";
			projectRoot = "";
			targets = (
				9350C76F2DA1E7CC000D9398 /* BFresh */,
				9350C7852DA1E7CE000D9398 /* BFreshTests */,
				9350C78F2DA1E7CE000D9398 /* BFreshUITests */,
			);
		};
/* End PBXProject section */

/* Begin PBXResourcesBuildPhase section */
		9350C76E2DA1E7CC000D9398 /* Resources */ = {
			isa = PBXResourcesBuildPhase;
			buildActionMask = 2147483647;
			files = (
			);
			runOnlyForDeploymentPostprocessing = 0;
		};
		9350C7842DA1E7CE000D9398 /* Resources */ = {
			isa = PBXResourcesBuildPhase;
			buildActionMask = 2147483647;
			files = (
			);
			runOnlyForDeploymentPostprocessing = 0;
		};
		9350C78E2DA1E7CE000D9398 /* Resources */ = {
			isa = PBXResourcesBuildPhase;
			buildActionMask = 2147483647;
			files = (
			);
			runOnlyForDeploymentPostprocessing = 0;
		};
/* End PBXResourcesBuildPhase section */

/* Begin PBXSourcesBuildPhase section */
		9350C76C2DA1E7CC000D9398 /* Sources */ = {
			isa = PBXSourcesBuildPhase;
			buildActionMask = 2147483647;
			files = (
			);
			runOnlyForDeploymentPostprocessing = 0;
		};
		9350C7822DA1E7CE000D9398 /* Sources */ = {
			isa = PBXSourcesBuildPhase;
			buildActionMask = 2147483647;
			files = (
			);
			runOnlyForDeploymentPostprocessing = 0;
		};
		9350C78C2DA1E7CE000D9398 /* Sources */ = {
			isa = PBXSourcesBuildPhase;
			buildActionMask = 2147483647;
			files = (
			);
			runOnlyForDeploymentPostprocessing = 0;
		};
/* End PBXSourcesBuildPhase section */

/* Begin PBXTargetDependency section */
		9350C7882DA1E7CE000D9398 /* PBXTargetDependency */ = {
			isa = PBXTargetDependency;
			target = 9350C76F2DA1E7CC000D9398 /* BFresh */;
			targetProxy = 9350C7872DA1E7CE000D9398 /* PBXContainerItemProxy */;
		};
		9350C7922DA1E7CE000D9398 /* PBXTargetDependency */ = {
			isa = PBXTargetDependency;
			target = 9350C76F2DA1E7CC000D9398 /* BFresh */;
			targetProxy = 9350C7912DA1E7CE000D9398 /* PBXContainerItemProxy */;
		};
/* End PBXTargetDependency section */

/* Begin XCBuildConfiguration section */
		9350C79A2DA1E7CE000D9398 /* Debug */ = {
			isa = XCBuildConfiguration;
			buildSettings = {
				ASSETCATALOG_COMPILER_APPICON_NAME = AppIcon;
				ASSETCATALOG_COMPILER_GLOBAL_ACCENT_COLOR_NAME = AccentColor;
				CODE_SIGN_STYLE = Automatic;
				CURRENT_PROJECT_VERSION = 1;
				GENERATE_INFOPLIST_FILE = YES;
				INFOPLIST_FILE = BFresh/Info.plist;
				INFOPLIST_KEY_UIApplicationSupportsIndirectInputEvents = YES;
				INFOPLIST_KEY_UILaunchStoryboardName = LaunchScreen;
				INFOPLIST_KEY_UIMainStoryboardFile = Main;
				INFOPLIST_KEY_UISupportedInterfaceOrientations_iPad = "UIInterfaceOrientationPortrait UIInterfaceOrientationPortraitUpsideDown UIInterfaceOrientationLandscapeLeft UIInterfaceOrientationLandscapeRight";
				INFOPLIST_KEY_UISupportedInterfaceOrientations_iPhone = "UIInterfaceOrientationPortrait UIInterfaceOrientationLandscapeLeft UIInterfaceOrientationLandscapeRight";
				LD_RUNPATH_SEARCH_PATHS = (
					"$(inherited)",
					"@executable_path/Frameworks",
				);
				MARKETING_VERSION = 1.0;
				PRODUCT_BUNDLE_IDENTIFIER = bf.BFresh;
				PRODUCT_NAME = "$(TARGET_NAME)";
				SWIFT_EMIT_LOC_STRINGS = YES;
				SWIFT_VERSION = 5.0;
				TARGETED_DEVICE_FAMILY = "1,2";
			};
			name = Debug;
		};
		9350C79B2DA1E7CE000D9398 /* Release */ = {
			isa = XCBuildConfiguration;
			buildSettings = {
				ASSETCATALOG_COMPILER_APPICON_NAME = AppIcon;
				ASSETCATALOG_COMPILER_GLOBAL_ACCENT_COLOR_NAME = AccentColor;
				CODE_SIGN_STYLE = Automatic;
				CURRENT_PROJECT_VERSION = 1;
				GENERATE_INFOPLIST_FILE = YES;
				INFOPLIST_FILE = BFresh/Info.plist;
				INFOPLIST_KEY_UIApplicationSupportsIndirectInputEvents = YES;
				INFOPLIST_KEY_UILaunchStoryboardName = LaunchScreen;
				INFOPLIST_KEY_UIMainStoryboardFile = Main;
				INFOPLIST_KEY_UISupportedInterfaceOrientations_iPad = "UIInterfaceOrientationPortrait UIInterfaceOrientationPortraitUpsideDown UIInterfaceOrientationLandscapeLeft UIInterfaceOrientationLandscapeRight";
				INFOPLIST_KEY_UISupportedInterfaceOrientations_iPhone = "UIInterfaceOrientationPortrait UIInterfaceOrientationLandscapeLeft UIInterfaceOrientationLandscapeRight";
				LD_RUNPATH_SEARCH_PATHS = (
					"$(inherited)",
					"@executable_path/Frameworks",
				);
				MARKETING_VERSION = 1.0;
				PRODUCT_BUNDLE_IDENTIFIER = bf.BFresh;
				PRODUCT_NAME = "$(TARGET_NAME)";
				SWIFT_EMIT_LOC_STRINGS = YES;
				SWIFT_VERSION = 5.0;
				TARGETED_DEVICE_FAMILY = "1,2";
			};
			name = Release;
		};
		9350C79C2DA1E7CE000D9398 /* Debug */ = {
			isa = XCBuildConfiguration;
			buildSettings = {
				ALWAYS_SEARCH_USER_PATHS = NO;
				ASSETCATALOG_COMPILER_GENERATE_SWIFT_ASSET_SYMBOL_EXTENSIONS = YES;
				CLANG_ANALYZER_NONNULL = YES;
				CLANG_ANALYZER_NUMBER_OBJECT_CONVERSION = YES_AGGRESSIVE;
				CLANG_CXX_LANGUAGE_STANDARD = "gnu++20";
				CLANG_ENABLE_MODULES = YES;
				CLANG_ENABLE_OBJC_ARC = YES;
				CLANG_ENABLE_OBJC_WEAK = YES;
				CLANG_WARN_BLOCK_CAPTURE_AUTORELEASING = YES;
				CLANG_WARN_BOOL_CONVERSION = YES;
				CLANG_WARN_COMMA = YES;
				CLANG_WARN_CONSTANT_CONVERSION = YES;
				CLANG_WARN_DEPRECATED_OBJC_IMPLEMENTATIONS = YES;
				CLANG_WARN_DIRECT_OBJC_ISA_USAGE = YES_ERROR;
				CLANG_WARN_DOCUMENTATION_COMMENTS = YES;
				CLANG_WARN_EMPTY_BODY = YES;
				CLANG_WARN_ENUM_CONVERSION = YES;
				CLANG_WARN_INFINITE_RECURSION = YES;
				CLANG_WARN_INT_CONVERSION = YES;
				CLANG_WARN_NON_LITERAL_NULL_CONVERSION = YES;
				CLANG_WARN_OBJC_IMPLICIT_RETAIN_SELF = YES;
				CLANG_WARN_OBJC_LITERAL_CONVERSION = YES;
				CLANG_WARN_OBJC_ROOT_CLASS = YES_ERROR;
				CLANG_WARN_QUOTED_INCLUDE_IN_FRAMEWORK_HEADER = YES;
				CLANG_WARN_RANGE_LOOP_ANALYSIS = YES;
				CLANG_WARN_STRICT_PROTOTYPES = YES;
				CLANG_WARN_SUSPICIOUS_MOVE = YES;
				CLANG_WARN_UNGUARDED_AVAILABILITY = YES_AGGRESSIVE;
				CLANG_WARN_UNREACHABLE_CODE = YES;
				CLANG_WARN__DUPLICATE_METHOD_MATCH = YES;
				COPY_PHASE_STRIP = NO;
				DEBUG_INFORMATION_FORMAT = dwarf;
				ENABLE_STRICT_OBJC_MSGSEND = YES;
				ENABLE_TESTABILITY = YES;
				ENABLE_USER_SCRIPT_SANDBOXING = YES;
				GCC_C_LANGUAGE_STANDARD = gnu17;
				GCC_DYNAMIC_NO_PIC = NO;
				GCC_NO_COMMON_BLOCKS = YES;
				GCC_OPTIMIZATION_LEVEL = 0;
				GCC_PREPROCESSOR_DEFINITIONS = (
					"DEBUG=1",
					"$(inherited)",
				);
				GCC_WARN_64_TO_32_BIT_CONVERSION = YES;
				GCC_WARN_ABOUT_RETURN_TYPE = YES_ERROR;
				GCC_WARN_UNDECLARED_SELECTOR = YES;
				GCC_WARN_UNINITIALIZED_AUTOS = YES_AGGRESSIVE;
				GCC_WARN_UNUSED_FUNCTION = YES;
				GCC_WARN_UNUSED_VARIABLE = YES;
				IPHONEOS_DEPLOYMENT_TARGET = 18.2;
				LOCALIZATION_PREFERS_STRING_CATALOGS = YES;
				MTL_ENABLE_DEBUG_INFO = INCLUDE_SOURCE;
				MTL_FAST_MATH = YES;
				ONLY_ACTIVE_ARCH = YES;
				SDKROOT = iphoneos;
				SWIFT_ACTIVE_COMPILATION_CONDITIONS = "DEBUG $(inherited)";
				SWIFT_OPTIMIZATION_LEVEL = "-Onone";
			};
			name = Debug;
		};
		9350C79D2DA1E7CE000D9398 /* Release */ = {
			isa = XCBuildConfiguration;
			buildSettings = {
				ALWAYS_SEARCH_USER_PATHS = NO;
				ASSETCATALOG_COMPILER_GENERATE_SWIFT_ASSET_SYMBOL_EXTENSIONS = YES;
				CLANG_ANALYZER_NONNULL = YES;
				CLANG_ANALYZER_NUMBER_OBJECT_CONVERSION = YES_AGGRESSIVE;
				CLANG_CXX_LANGUAGE_STANDARD = "gnu++20";
				CLANG_ENABLE_MODULES = YES;
				CLANG_ENABLE_OBJC_ARC = YES;
				CLANG_ENABLE_OBJC_WEAK = YES;
				CLANG_WARN_BLOCK_CAPTURE_AUTORELEASING = YES;
				CLANG_WARN_BOOL_CONVERSION = YES;
				CLANG_WARN_COMMA = YES;
				CLANG_WARN_CONSTANT_CONVERSION = YES;
				CLANG_WARN_DEPRECATED_OBJC_IMPLEMENTATIONS = YES;
				CLANG_WARN_DIRECT_OBJC_ISA_USAGE = YES_ERROR;
				CLANG_WARN_DOCUMENTATION_COMMENTS = YES;
				CLANG_WARN_EMPTY_BODY = YES;
				CLANG_WARN_ENUM_CONVERSION = YES;
				CLANG_WARN_INFINITE_RECURSION = YES;
				CLANG_WARN_INT_CONVERSION = YES;
				CLANG_WARN_NON_LITERAL_NULL_CONVERSION = YES;
				CLANG_WARN_OBJC_IMPLICIT_RETAIN_SELF = YES;
				CLANG_WARN_OBJC_LITERAL_CONVERSION = YES;
				CLANG_WARN_OBJC_ROOT_CLASS = YES_ERROR;
				CLANG_WARN_QUOTED_INCLUDE_IN_FRAMEWORK_HEADER = YES;
				CLANG_WARN_RANGE_LOOP_ANALYSIS = YES;
				CLANG_WARN_STRICT_PROTOTYPES = YES;
				CLANG_WARN_SUSPICIOUS_MOVE = YES;
				CLANG_WARN_UNGUARDED_AVAILABILITY = YES_AGGRESSIVE;
				CLANG_WARN_UNREACHABLE_CODE = YES;
				CLANG_WARN__DUPLICATE_METHOD_MATCH = YES;
				COPY_PHASE_STRIP = NO;
				DEBUG_INFORMATION_FORMAT = "dwarf-with-dsym";
				ENABLE_NS_ASSERTIONS = NO;
				ENABLE_STRICT_OBJC_MSGSEND = YES;
				ENABLE_USER_SCRIPT_SANDBOXING = YES;
				GCC_C_LANGUAGE_STANDARD = gnu17;
				GCC_NO_COMMON_BLOCKS = YES;
				GCC_WARN_64_TO_32_BIT_CONVERSION = YES;
				GCC_WARN_ABOUT_RETURN_TYPE = YES_ERROR;
				GCC_WARN_UNDECLARED_SELECTOR = YES;
				GCC_WARN_UNINITIALIZED_AUTOS = YES_AGGRESSIVE;
				GCC_WARN_UNUSED_FUNCTION = YES;
				GCC_WARN_UNUSED_VARIABLE = YES;
				IPHONEOS_DEPLOYMENT_TARGET = 18.2;
				LOCALIZATION_PREFERS_STRING_CATALOGS = YES;
				MTL_ENABLE_DEBUG_INFO = NO;
				MTL_FAST_MATH = YES;
				SDKROOT = iphoneos;
				SWIFT_COMPILATION_MODE = wholemodule;
				VALIDATE_PRODUCT = YES;
			};
			name = Release;
		};
		9350C79F2DA1E7CE000D9398 /* Debug */ = {
			isa = XCBuildConfiguration;
			buildSettings = {
				BUNDLE_LOADER = "$(TEST_HOST)";
				CODE_SIGN_STYLE = Automatic;
				CURRENT_PROJECT_VERSION = 1;
				GENERATE_INFOPLIST_FILE = YES;
				IPHONEOS_DEPLOYMENT_TARGET = 18.2;
				MARKETING_VERSION = 1.0;
				PRODUCT_BUNDLE_IDENTIFIER = bf.BFreshTests;
				PRODUCT_NAME = "$(TARGET_NAME)";
				SWIFT_EMIT_LOC_STRINGS = NO;
				SWIFT_VERSION = 5.0;
				TARGETED_DEVICE_FAMILY = "1,2";
				TEST_HOST = "$(BUILT_PRODUCTS_DIR)/BFresh.app/$(BUNDLE_EXECUTABLE_FOLDER_PATH)/BFresh";
			};
			name = Debug;
		};
		9350C7A02DA1E7CE000D9398 /* Release */ = {
			isa = XCBuildConfiguration;
			buildSettings = {
				BUNDLE_LOADER = "$(TEST_HOST)";
				CODE_SIGN_STYLE = Automatic;
				CURRENT_PROJECT_VERSION = 1;
				GENERATE_INFOPLIST_FILE = YES;
				IPHONEOS_DEPLOYMENT_TARGET = 18.2;
				MARKETING_VERSION = 1.0;
				PRODUCT_BUNDLE_IDENTIFIER = bf.BFreshTests;
				PRODUCT_NAME = "$(TARGET_NAME)";
				SWIFT_EMIT_LOC_STRINGS = NO;
				SWIFT_VERSION = 5.0;
				TARGETED_DEVICE_FAMILY = "1,2";
				TEST_HOST = "$(BUILT_PRODUCTS_DIR)/BFresh.app/$(BUNDLE_EXECUTABLE_FOLDER_PATH)/BFresh";
			};
			name = Release;
		};
		9350C7A22DA1E7CE000D9398 /* Debug */ = {
			isa = XCBuildConfiguration;
			buildSettings = {
				CODE_SIGN_STYLE = Automatic;
				CURRENT_PROJECT_VERSION = 1;
				GENERATE_INFOPLIST_FILE = YES;
				MARKETING_VERSION = 1.0;
				PRODUCT_BUNDLE_IDENTIFIER = bf.BFreshUITests;
				PRODUCT_NAME = "$(TARGET_NAME)";
				SWIFT_EMIT_LOC_STRINGS = NO;
				SWIFT_VERSION = 5.0;
				TARGETED_DEVICE_FAMILY = "1,2";
				TEST_TARGET_NAME = BFresh;
			};
			name = Debug;
		};
		9350C7A32DA1E7CE000D9398 /* Release */ = {
			isa = XCBuildConfiguration;
			buildSettings = {
				CODE_SIGN_STYLE = Automatic;
				CURRENT_PROJECT_VERSION = 1;
				GENERATE_INFOPLIST_FILE = YES;
				MARKETING_VERSION = 1.0;
				PRODUCT_BUNDLE_IDENTIFIER = bf.BFreshUITests;
				PRODUCT_NAME = "$(TARGET_NAME)";
				SWIFT_EMIT_LOC_STRINGS = NO;
				SWIFT_VERSION = 5.0;
				TARGETED_DEVICE_FAMILY = "1,2";
				TEST_TARGET_NAME = BFresh;
			};
			name = Release;
		};
/* End XCBuildConfiguration section */

/* Begin XCConfigurationList section */
		9350C76B2DA1E7CC000D9398 /* Build configuration list for PBXProject "BFresh" */ = {
			isa = XCConfigurationList;
			buildConfigurations = (
				9350C79C2DA1E7CE000D9398 /* Debug */,
				9350C79D2DA1E7CE000D9398 /* Release */,
			);
			defaultConfigurationIsVisible = 0;
			defaultConfigurationName = Release;
		};
		9350C7992DA1E7CE000D9398 /* Build configuration list for PBXNativeTarget "BFresh" */ = {
			isa = XCConfigurationList;
			buildConfigurations = (
				9350C79A2DA1E7CE000D9398 /* Debug */,
				9350C79B2DA1E7CE000D9398 /* Release */,
			);
			defaultConfigurationIsVisible = 0;
			defaultConfigurationName = Release;
		};
		9350C79E2DA1E7CE000D9398 /* Build configuration list for PBXNativeTarget "BFreshTests" */ = {
			isa = XCConfigurationList;
			buildConfigurations = (
				9350C79F2DA1E7CE000D9398 /* Debug */,
				9350C7A02DA1E7CE000D9398 /* Release */,
			);
			defaultConfigurationIsVisible = 0;
			defaultConfigurationName = Release;
		};
		9350C7A12DA1E7CE000D9398 /* Build configuration list for PBXNativeTarget "BFreshUITests" */ = {
			isa = XCConfigurationList;
			buildConfigurations = (
				9350C7A22DA1E7CE000D9398 /* Debug */,
				9350C7A32DA1E7CE000D9398 /* Release */,
			);
			defaultConfigurationIsVisible = 0;
			defaultConfigurationName = Release;
		};
/* End XCConfigurationList section */

/* Begin XCRemoteSwiftPackageReference section */
		9350C7BA2DA21185000D9398 /* XCRemoteSwiftPackageReference "generative-ai-swift" */ = {
			isa = XCRemoteSwiftPackageReference;
			repositoryURL = "https://github.com/google/generative-ai-swift";
			requirement = {
				kind = upToNextMajorVersion;
				minimumVersion = 0.5.6;
			};
		};
/* End XCRemoteSwiftPackageReference section */

/* Begin XCSwiftPackageProductDependency section */
		9350C7BB2DA211A3000D9398 /* GoogleGenerativeAI */ = {
			isa = XCSwiftPackageProductDependency;
			package = 9350C7BA2DA21185000D9398 /* XCRemoteSwiftPackageReference "generative-ai-swift" */;
			productName = GoogleGenerativeAI;
		};
/* End XCSwiftPackageProductDependency section */
	};
	rootObject = 9350C7682DA1E7CC000D9398 /* Project object */;
}
